{
  "requires": true,
  "lockfileVersion": 1,
  "dependencies": {
    "serverless-single-page-app-plugin": {
      "version": "git+https://github.com/gNerdLabs/serverless-single-page-app-plugin.git#3d0941ad07d75344c144c865a294effa400d695a",
      "from": "git+https://github.com/gNerdLabs/serverless-single-page-app-plugin.git"
    }
  }
}
